
Microsoft Visual Studio Solution File, Format Version 12.00
# Visual Studio 15
VisualStudioVersion = 15.0.26124.0
MinimumVisualStudioVersion = 15.0.26124.0
Project("{FAE04EC0-301F-11D3-BF4B-00C04F79EFBC}") = "Proje.API", "Proje.API\Proje.API.csproj", "{5A7B21BE-86B3-4F4B-B3EC-981A5EA7B3DB}"
EndProject
Project("{FAE04EC0-301F-11D3-BF4B-00C04F79EFBC}") = "Proje.Data", "Proje.Data\Proje.Data.csproj", "{F777E1A2-7F47-4AC8-938C-5344BE596C14}"
EndProject
Project("{FAE04EC0-301F-11D3-BF4B-00C04F79EFBC}") = "Proje.Core", "Proje.Core\Proje.Core.csproj", "{DBAC187C-2912-4923-9A00-C1E289943016}"
EndProject
Project("{FAE04EC0-301F-11D3-BF4B-00C04F79EFBC}") = "Proje.Service", "Proje.Service\Proje.Service.csproj", "{0BEC7B83-A98B-4AA1-91FF-FD877EC94589}"
EndProject
Global
	GlobalSection(SolutionConfigurationPlatforms) = preSolution
		Debug|Any CPU = Debug|Any CPU
		Debug|x64 = Debug|x64
		Debug|x86 = Debug|x86
		Release|Any CPU = Release|Any CPU
		Release|x64 = Release|x64
		Release|x86 = Release|x86
	EndGlobalSection
	GlobalSection(SolutionProperties) = preSolution
		HideSolutionNode = FALSE
	EndGlobalSection
	GlobalSection(ProjectConfigurationPlatforms) = postSolution
		{2093B5CF-F81B-4E55-84AE-BC2BE89909C8}.Debug|Any CPU.ActiveCfg = Debug|Any CPU
		{2093B5CF-F81B-4E55-84AE-BC2BE89909C8}.Debug|Any CPU.Build.0 = Debug|Any CPU
		{2093B5CF-F81B-4E55-84AE-BC2BE89909C8}.Debug|x64.ActiveCfg = Debug|Any CPU
		{2093B5CF-F81B-4E55-84AE-BC2BE89909C8}.Debug|x64.Build.0 = Debug|Any CPU
		{2093B5CF-F81B-4E55-84AE-BC2BE89909C8}.Debug|x86.ActiveCfg = Debug|Any CPU
		{2093B5CF-F81B-4E55-84AE-BC2BE89909C8}.Debug|x86.Build.0 = Debug|Any CPU
		{2093B5CF-F81B-4E55-84AE-BC2BE89909C8}.Release|Any CPU.ActiveCfg = Release|Any CPU
		{2093B5CF-F81B-4E55-84AE-BC2BE89909C8}.Release|Any CPU.Build.0 = Release|Any CPU
		{2093B5CF-F81B-4E55-84AE-BC2BE89909C8}.Release|x64.ActiveCfg = Release|Any CPU
		{2093B5CF-F81B-4E55-84AE-BC2BE89909C8}.Release|x64.Build.0 = Release|Any CPU
		{2093B5CF-F81B-4E55-84AE-BC2BE89909C8}.Release|x86.ActiveCfg = Release|Any CPU
		{2093B5CF-F81B-4E55-84AE-BC2BE89909C8}.Release|x86.Build.0 = Release|Any CPU
		{2779372F-2C12-47A1-91AC-B298C0304628}.Debug|Any CPU.ActiveCfg = Debug|Any CPU
		{2779372F-2C12-47A1-91AC-B298C0304628}.Debug|Any CPU.Build.0 = Debug|Any CPU
		{2779372F-2C12-47A1-91AC-B298C0304628}.Debug|x64.ActiveCfg = Debug|Any CPU
		{2779372F-2C12-47A1-91AC-B298C0304628}.Debug|x64.Build.0 = Debug|Any CPU
		{2779372F-2C12-47A1-91AC-B298C0304628}.Debug|x86.ActiveCfg = Debug|Any CPU
		{2779372F-2C12-47A1-91AC-B298C0304628}.Debug|x86.Build.0 = Debug|Any CPU
		{2779372F-2C12-47A1-91AC-B298C0304628}.Release|Any CPU.ActiveCfg = Release|Any CPU
		{2779372F-2C12-47A1-91AC-B298C0304628}.Release|Any CPU.Build.0 = Release|Any CPU
		{2779372F-2C12-47A1-91AC-B298C0304628}.Release|x64.ActiveCfg = Release|Any CPU
		{2779372F-2C12-47A1-91AC-B298C0304628}.Release|x64.Build.0 = Release|Any CPU
		{2779372F-2C12-47A1-91AC-B298C0304628}.Release|x86.ActiveCfg = Release|Any CPU
		{2779372F-2C12-47A1-91AC-B298C0304628}.Release|x86.Build.0 = Release|Any CPU
		{C644F1CA-1BFB-44C3-A25B-F22E20920905}.Debug|Any CPU.ActiveCfg = Debug|Any CPU
		{C644F1CA-1BFB-44C3-A25B-F22E20920905}.Debug|Any CPU.Build.0 = Debug|Any CPU
		{C644F1CA-1BFB-44C3-A25B-F22E20920905}.Debug|x64.ActiveCfg = Debug|Any CPU
		{C644F1CA-1BFB-44C3-A25B-F22E20920905}.Debug|x64.Build.0 = Debug|Any CPU
		{C644F1CA-1BFB-44C3-A25B-F22E20920905}.Debug|x86.ActiveCfg = Debug|Any CPU
		{C644F1CA-1BFB-44C3-A25B-F22E20920905}.Debug|x86.Build.0 = Debug|Any CPU
		{C644F1CA-1BFB-44C3-A25B-F22E20920905}.Release|Any CPU.ActiveCfg = Release|Any CPU
		{C644F1CA-1BFB-44C3-A25B-F22E20920905}.Release|Any CPU.Build.0 = Release|Any CPU
		{C644F1CA-1BFB-44C3-A25B-F22E20920905}.Release|x64.ActiveCfg = Release|Any CPU
		{C644F1CA-1BFB-44C3-A25B-F22E20920905}.Release|x64.Build.0 = Release|Any CPU
		{C644F1CA-1BFB-44C3-A25B-F22E20920905}.Release|x86.ActiveCfg = Release|Any CPU
		{C644F1CA-1BFB-44C3-A25B-F22E20920905}.Release|x86.Build.0 = Release|Any CPU
		{617C3E7D-3D18-43F6-9BFC-3D61D95D301E}.Debug|Any CPU.ActiveCfg = Debug|Any CPU
		{617C3E7D-3D18-43F6-9BFC-3D61D95D301E}.Debug|Any CPU.Build.0 = Debug|Any CPU
		{617C3E7D-3D18-43F6-9BFC-3D61D95D301E}.Debug|x64.ActiveCfg = Debug|Any CPU
		{617C3E7D-3D18-43F6-9BFC-3D61D95D301E}.Debug|x64.Build.0 = Debug|Any CPU
		{617C3E7D-3D18-43F6-9BFC-3D61D95D301E}.Debug|x86.ActiveCfg = Debug|Any CPU
		{617C3E7D-3D18-43F6-9BFC-3D61D95D301E}.Debug|x86.Build.0 = Debug|Any CPU
		{617C3E7D-3D18-43F6-9BFC-3D61D95D301E}.Release|Any CPU.ActiveCfg = Release|Any CPU
		{617C3E7D-3D18-43F6-9BFC-3D61D95D301E}.Release|Any CPU.Build.0 = Release|Any CPU
		{617C3E7D-3D18-43F6-9BFC-3D61D95D301E}.Release|x64.ActiveCfg = Release|Any CPU
		{617C3E7D-3D18-43F6-9BFC-3D61D95D301E}.Release|x64.Build.0 = Release|Any CPU
		{617C3E7D-3D18-43F6-9BFC-3D61D95D301E}.Release|x86.ActiveCfg = Release|Any CPU
		{617C3E7D-3D18-43F6-9BFC-3D61D95D301E}.Release|x86.Build.0 = Release|Any CPU
		{A368436B-2498-494A-8886-41734B3DF2DA}.Debug|Any CPU.ActiveCfg = Debug|Any CPU
		{A368436B-2498-494A-8886-41734B3DF2DA}.Debug|Any CPU.Build.0 = Debug|Any CPU
		{A368436B-2498-494A-8886-41734B3DF2DA}.Debug|x64.ActiveCfg = Debug|Any CPU
		{A368436B-2498-494A-8886-41734B3DF2DA}.Debug|x64.Build.0 = Debug|Any CPU
		{A368436B-2498-494A-8886-41734B3DF2DA}.Debug|x86.ActiveCfg = Debug|Any CPU
		{A368436B-2498-494A-8886-41734B3DF2DA}.Debug|x86.Build.0 = Debug|Any CPU
		{A368436B-2498-494A-8886-41734B3DF2DA}.Release|Any CPU.ActiveCfg = Release|Any CPU
		{A368436B-2498-494A-8886-41734B3DF2DA}.Release|Any CPU.Build.0 = Release|Any CPU
		{A368436B-2498-494A-8886-41734B3DF2DA}.Release|x64.ActiveCfg = Release|Any CPU
		{A368436B-2498-494A-8886-41734B3DF2DA}.Release|x64.Build.0 = Release|Any CPU
		{A368436B-2498-494A-8886-41734B3DF2DA}.Release|x86.ActiveCfg = Release|Any CPU
		{A368436B-2498-494A-8886-41734B3DF2DA}.Release|x86.Build.0 = Release|Any CPU
		{5A7B21BE-86B3-4F4B-B3EC-981A5EA7B3DB}.Debug|Any CPU.ActiveCfg = Debug|Any CPU
		{5A7B21BE-86B3-4F4B-B3EC-981A5EA7B3DB}.Debug|Any CPU.Build.0 = Debug|Any CPU
		{5A7B21BE-86B3-4F4B-B3EC-981A5EA7B3DB}.Debug|x64.ActiveCfg = Debug|Any CPU
		{5A7B21BE-86B3-4F4B-B3EC-981A5EA7B3DB}.Debug|x64.Build.0 = Debug|Any CPU
		{5A7B21BE-86B3-4F4B-B3EC-981A5EA7B3DB}.Debug|x86.ActiveCfg = Debug|Any CPU
		{5A7B21BE-86B3-4F4B-B3EC-981A5EA7B3DB}.Debug|x86.Build.0 = Debug|Any CPU
		{5A7B21BE-86B3-4F4B-B3EC-981A5EA7B3DB}.Release|Any CPU.ActiveCfg = Release|Any CPU
		{5A7B21BE-86B3-4F4B-B3EC-981A5EA7B3DB}.Release|Any CPU.Build.0 = Release|Any CPU
		{5A7B21BE-86B3-4F4B-B3EC-981A5EA7B3DB}.Release|x64.ActiveCfg = Release|Any CPU
		{5A7B21BE-86B3-4F4B-B3EC-981A5EA7B3DB}.Release|x64.Build.0 = Release|Any CPU
		{5A7B21BE-86B3-4F4B-B3EC-981A5EA7B3DB}.Release|x86.ActiveCfg = Release|Any CPU
		{5A7B21BE-86B3-4F4B-B3EC-981A5EA7B3DB}.Release|x86.Build.0 = Release|Any CPU
		{F777E1A2-7F47-4AC8-938C-5344BE596C14}.Debug|Any CPU.ActiveCfg = Debug|Any CPU
		{F777E1A2-7F47-4AC8-938C-5344BE596C14}.Debug|Any CPU.Build.0 = Debug|Any CPU
		{F777E1A2-7F47-4AC8-938C-5344BE596C14}.Debug|x64.ActiveCfg = Debug|Any CPU
		{F777E1A2-7F47-4AC8-938C-5344BE596C14}.Debug|x64.Build.0 = Debug|Any CPU
		{F777E1A2-7F47-4AC8-938C-5344BE596C14}.Debug|x86.ActiveCfg = Debug|Any CPU
		{F777E1A2-7F47-4AC8-938C-5344BE596C14}.Debug|x86.Build.0 = Debug|Any CPU
		{F777E1A2-7F47-4AC8-938C-5344BE596C14}.Release|Any CPU.ActiveCfg = Release|Any CPU
		{F777E1A2-7F47-4AC8-938C-5344BE596C14}.Release|Any CPU.Build.0 = Release|Any CPU
		{F777E1A2-7F47-4AC8-938C-5344BE596C14}.Release|x64.ActiveCfg = Release|Any CPU
		{F777E1A2-7F47-4AC8-938C-5344BE596C14}.Release|x64.Build.0 = Release|Any CPU
		{F777E1A2-7F47-4AC8-938C-5344BE596C14}.Release|x86.ActiveCfg = Release|Any CPU
		{F777E1A2-7F47-4AC8-938C-5344BE596C14}.Release|x86.Build.0 = Release|Any CPU
		{DBAC187C-2912-4923-9A00-C1E289943016}.Debug|Any CPU.ActiveCfg = Debug|Any CPU
		{DBAC187C-2912-4923-9A00-C1E289943016}.Debug|Any CPU.Build.0 = Debug|Any CPU
		{DBAC187C-2912-4923-9A00-C1E289943016}.Debug|x64.ActiveCfg = Debug|Any CPU
		{DBAC187C-2912-4923-9A00-C1E289943016}.Debug|x64.Build.0 = Debug|Any CPU
		{DBAC187C-2912-4923-9A00-C1E289943016}.Debug|x86.ActiveCfg = Debug|Any CPU
		{DBAC187C-2912-4923-9A00-C1E289943016}.Debug|x86.Build.0 = Debug|Any CPU
		{DBAC187C-2912-4923-9A00-C1E289943016}.Release|Any CPU.ActiveCfg = Release|Any CPU
		{DBAC187C-2912-4923-9A00-C1E289943016}.Release|Any CPU.Build.0 = Release|Any CPU
		{DBAC187C-2912-4923-9A00-C1E289943016}.Release|x64.ActiveCfg = Release|Any CPU
		{DBAC187C-2912-4923-9A00-C1E289943016}.Release|x64.Build.0 = Release|Any CPU
		{DBAC187C-2912-4923-9A00-C1E289943016}.Release|x86.ActiveCfg = Release|Any CPU
		{DBAC187C-2912-4923-9A00-C1E289943016}.Release|x86.Build.0 = Release|Any CPU
		{0BEC7B83-A98B-4AA1-91FF-FD877EC94589}.Debug|Any CPU.ActiveCfg = Debug|Any CPU
		{0BEC7B83-A98B-4AA1-91FF-FD877EC94589}.Debug|Any CPU.Build.0 = Debug|Any CPU
		{0BEC7B83-A98B-4AA1-91FF-FD877EC94589}.Debug|x64.ActiveCfg = Debug|Any CPU
		{0BEC7B83-A98B-4AA1-91FF-FD877EC94589}.Debug|x64.Build.0 = Debug|Any CPU
		{0BEC7B83-A98B-4AA1-91FF-FD877EC94589}.Debug|x86.ActiveCfg = Debug|Any CPU
		{0BEC7B83-A98B-4AA1-91FF-FD877EC94589}.Debug|x86.Build.0 = Debug|Any CPU
		{0BEC7B83-A98B-4AA1-91FF-FD877EC94589}.Release|Any CPU.ActiveCfg = Release|Any CPU
		{0BEC7B83-A98B-4AA1-91FF-FD877EC94589}.Release|Any CPU.Build.0 = Release|Any CPU
		{0BEC7B83-A98B-4AA1-91FF-FD877EC94589}.Release|x64.ActiveCfg = Release|Any CPU
		{0BEC7B83-A98B-4AA1-91FF-FD877EC94589}.Release|x64.Build.0 = Release|Any CPU
		{0BEC7B83-A98B-4AA1-91FF-FD877EC94589}.Release|x86.ActiveCfg = Release|Any CPU
		{0BEC7B83-A98B-4AA1-91FF-FD877EC94589}.Release|x86.Build.0 = Release|Any CPU
	EndGlobalSection
EndGlobal
